// !$*UTF8*$!
{
	archiveVersion = 1;
	classes = {
	};
	objectVersion = 53;
	objects = {

/* Begin PBXBuildFile section */
		35807160FD7C385E2F22304A /* GridLayout.swift in Sources */ = {isa = PBXBuildFile; fileRef = 35807D4DB60035719E96725C /* GridLayout.swift */; };
		3580718D7527723A251D79F7 /* Theme.swift in Sources */ = {isa = PBXBuildFile; fileRef = 35807042175A659D1EF5DC40 /* Theme.swift */; };
		35807273C5C3ED1BDB888D9A /* Array+Identifiable.swift in Sources */ = {isa = PBXBuildFile; fileRef = 358075F4540454D17F44C2F3 /* Array+Identifiable.swift */; };
		3580746C130EB97CDE9A4F4D /* AppDelegate.swift in Sources */ = {isa = PBXBuildFile; fileRef = 358079E84F89FB0D62923FFF /* AppDelegate.swift */; };
		3580751504F152DF1FD2A6A8 /* SceneDelegate.swift in Sources */ = {isa = PBXBuildFile; fileRef = 35807B2616110A848AD4A19B /* SceneDelegate.swift */; };
		358075A86F7A49AEA6F30424 /* Grid.swift in Sources */ = {isa = PBXBuildFile; fileRef = 358079D68908B6BE3D873F27 /* Grid.swift */; };
		358078493C67E7B65CD74135 /* MemoryGame.swift in Sources */ = {isa = PBXBuildFile; fileRef = 358070F14C83471098C6C227 /* MemoryGame.swift */; };
		35807A5D5D969A5B1A884840 /* EmojiMemoryGame.swift in Sources */ = {isa = PBXBuildFile; fileRef = 35807C416A75D7B71A3EF318 /* EmojiMemoryGame.swift */; };
		35807AF2662352F249646335 /* LaunchScreen.storyboard in Resources */ = {isa = PBXBuildFile; fileRef = 358076C0D13B44ABFFC52F67 /* LaunchScreen.storyboard */; };
		35807BE1511EBD3BFA33D688 /* EmojiMemoryGameView.swift in Sources */ = {isa = PBXBuildFile; fileRef = 3580708AD9E8604E8B8BAB02 /* EmojiMemoryGameView.swift */; };
		35807CE194BEDDEB0BE35B60 /* .gitignore in Resources */ = {isa = PBXBuildFile; fileRef = 35807D7C663C2DE32077DEBB /* .gitignore */; };
		35807EDCDF15431F4B10E4D4 /* Preview Assets.xcassets in Resources */ = {isa = PBXBuildFile; fileRef = 35807629702897291B906C70 /* Preview Assets.xcassets */; };
		35807F938FE6B8C620FB7E10 /* Assets.xcassets in Resources */ = {isa = PBXBuildFile; fileRef = 35807B25F35C880C33786FCC /* Assets.xcassets */; };
/* End PBXBuildFile section */

/* Begin PBXFileReference section */
		35807042175A659D1EF5DC40 /* Theme.swift */ = {isa = PBXFileReference; fileEncoding = 4; lastKnownFileType = sourcecode.swift; path = Theme.swift; sourceTree = "<group>"; };
		3580708AD9E8604E8B8BAB02 /* EmojiMemoryGameView.swift */ = {isa = PBXFileReference; lastKnownFileType = sourcecode.swift; path = EmojiMemoryGameView.swift; sourceTree = "<group>"; };
		358070F14C83471098C6C227 /* MemoryGame.swift */ = {isa = PBXFileReference; fileEncoding = 4; lastKnownFileType = sourcecode.swift; path = MemoryGame.swift; sourceTree = "<group>"; };
		358075F4540454D17F44C2F3 /* Array+Identifiable.swift */ = {isa = PBXFileReference; fileEncoding = 4; lastKnownFileType = sourcecode.swift; path = "Array+Identifiable.swift"; sourceTree = "<group>"; };
		35807629702897291B906C70 /* Preview Assets.xcassets */ = {isa = PBXFileReference; lastKnownFileType = folder.assetcatalog; path = "Preview Assets.xcassets"; sourceTree = "<group>"; };
		3580769F41A6A31E818E7658 /* Info.plist */ = {isa = PBXFileReference; lastKnownFileType = text.plist.info; path = Info.plist; sourceTree = "<group>"; };
		3580789DE3B0A4728C1E2E53 /* Memorize.app */ = {isa = PBXFileReference; explicitFileType = wrapper.application; includeInIndex = 0; path = Memorize.app; sourceTree = BUILT_PRODUCTS_DIR; };
		358079D68908B6BE3D873F27 /* Grid.swift */ = {isa = PBXFileReference; fileEncoding = 4; lastKnownFileType = sourcecode.swift; path = Grid.swift; sourceTree = "<group>"; };
		358079E84F89FB0D62923FFF /* AppDelegate.swift */ = {isa = PBXFileReference; lastKnownFileType = sourcecode.swift; path = AppDelegate.swift; sourceTree = "<group>"; };
		35807B25F35C880C33786FCC /* Assets.xcassets */ = {isa = PBXFileReference; lastKnownFileType = folder.assetcatalog; path = Assets.xcassets; sourceTree = "<group>"; };
		35807B2616110A848AD4A19B /* SceneDelegate.swift */ = {isa = PBXFileReference; lastKnownFileType = sourcecode.swift; path = SceneDelegate.swift; sourceTree = "<group>"; };
		35807C416A75D7B71A3EF318 /* EmojiMemoryGame.swift */ = {isa = PBXFileReference; fileEncoding = 4; lastKnownFileType = sourcecode.swift; path = EmojiMemoryGame.swift; sourceTree = "<group>"; };
		35807D4DB60035719E96725C /* GridLayout.swift */ = {isa = PBXFileReference; fileEncoding = 4; lastKnownFileType = sourcecode.swift; path = GridLayout.swift; sourceTree = "<group>"; };
		35807D7C663C2DE32077DEBB /* .gitignore */ = {isa = PBXFileReference; lastKnownFileType = file.gitignore; path = .gitignore; sourceTree = "<group>"; };
		35807FA2ADFEF895390293BE /* Base */ = {isa = PBXFileReference; lastKnownFileType = file.storyboard; name = Base; path = Base.lproj/LaunchScreen.storyboard; sourceTree = "<group>"; };
		FCDC5CB12482F7BB008D1C1D /* Memorize.entitlements */ = {isa = PBXFileReference; lastKnownFileType = text.plist.entitlements; path = Memorize.entitlements; sourceTree = "<group>"; };
/* End PBXFileReference section */

/* Begin PBXFrameworksBuildPhase section */
		3580772601A1D43F616291F8 /* Frameworks */ = {
			isa = PBXFrameworksBuildPhase;
			buildActionMask = 2147483647;
			files = (
			);
			runOnlyForDeploymentPostprocessing = 0;
		};
/* End PBXFrameworksBuildPhase section */

/* Begin PBXGroup section */
		35807209CCDA8BAFBB1F852C /* Products */ = {
			isa = PBXGroup;
			children = (
				3580789DE3B0A4728C1E2E53 /* Memorize.app */,
			);
			name = Products;
			sourceTree = "<group>";
		};
		35807A5DEDE773AFBC466147 = {
			isa = PBXGroup;
			children = (
				35807209CCDA8BAFBB1F852C /* Products */,
				35807EBF915DA62FE9EFC46E /* Memorize */,
				35807D7C663C2DE32077DEBB /* .gitignore */,
			);
			sourceTree = "<group>";
		};
		35807E92838B4208B5DBE4E9 /* Preview Content */ = {
			isa = PBXGroup;
			children = (
				35807629702897291B906C70 /* Preview Assets.xcassets */,
			);
			path = "Preview Content";
			sourceTree = "<group>";
		};
		35807EBF915DA62FE9EFC46E /* Memorize */ = {
			isa = PBXGroup;
			children = (
				FCDC5CB12482F7BB008D1C1D /* Memorize.entitlements */,
				3580769F41A6A31E818E7658 /* Info.plist */,
				35807B25F35C880C33786FCC /* Assets.xcassets */,
				358076C0D13B44ABFFC52F67 /* LaunchScreen.storyboard */,
				358079E84F89FB0D62923FFF /* AppDelegate.swift */,
				35807B2616110A848AD4A19B /* SceneDelegate.swift */,
				3580708AD9E8604E8B8BAB02 /* EmojiMemoryGameView.swift */,
				35807E92838B4208B5DBE4E9 /* Preview Content */,
				358070F14C83471098C6C227 /* MemoryGame.swift */,
				35807C416A75D7B71A3EF318 /* EmojiMemoryGame.swift */,
				358079D68908B6BE3D873F27 /* Grid.swift */,
				358075F4540454D17F44C2F3 /* Array+Identifiable.swift */,
				35807D4DB60035719E96725C /* GridLayout.swift */,
				35807042175A659D1EF5DC40 /* Theme.swift */,
			);
			path = Memorize;
			sourceTree = "<group>";
		};
/* End PBXGroup section */

/* Begin PBXNativeTarget section */
		358072650A08C5C9142597DF /* Memorize */ = {
			isa = PBXNativeTarget;
			buildConfigurationList = 358079BCCF4A8C6F6F492FBF /* Build configuration list for PBXNativeTarget "Memorize" */;
			buildPhases = (
				358072657DA58D11DA20BFFC /* Sources */,
				3580772601A1D43F616291F8 /* Frameworks */,
				3580746C5A2B9F761202E606 /* Resources */,
			);
			buildRules = (
			);
			dependencies = (
			);
			name = Memorize;
			productName = Memorize;
			productReference = 3580789DE3B0A4728C1E2E53 /* Memorize.app */;
			productType = "com.apple.product-type.application";
		};
/* End PBXNativeTarget section */

/* Begin PBXProject section */
		35807C7A706779864F8FC404 /* Project object */ = {
			isa = PBXProject;
			attributes = {
				ORGANIZATIONNAME = "Roland Schmitz";
			};
			buildConfigurationList = 358076E1733274F727DFA5A0 /* Build configuration list for PBXProject "Memorize" */;
			compatibilityVersion = "Xcode 11.4";
			developmentRegion = English;
			hasScannedForEncodings = 0;
			knownRegions = (
				English,
				en,
				Base,
			);
			mainGroup = 35807A5DEDE773AFBC466147;
			productRefGroup = 35807209CCDA8BAFBB1F852C /* Products */;
			projectDirPath = "";
			projectRoot = "";
			targets = (
				358072650A08C5C9142597DF /* Memorize */,
			);
		};
/* End PBXProject section */

/* Begin PBXResourcesBuildPhase section */
		3580746C5A2B9F761202E606 /* Resources */ = {
			isa = PBXResourcesBuildPhase;
			buildActionMask = 2147483647;
			files = (
				35807F938FE6B8C620FB7E10 /* Assets.xcassets in Resources */,
				35807AF2662352F249646335 /* LaunchScreen.storyboard in Resources */,
				35807EDCDF15431F4B10E4D4 /* Preview Assets.xcassets in Resources */,
				35807CE194BEDDEB0BE35B60 /* .gitignore in Resources */,
			);
			runOnlyForDeploymentPostprocessing = 0;
		};
/* End PBXResourcesBuildPhase section */

/* Begin PBXSourcesBuildPhase section */
		358072657DA58D11DA20BFFC /* Sources */ = {
			isa = PBXSourcesBuildPhase;
			buildActionMask = 2147483647;
			files = (
				3580746C130EB97CDE9A4F4D /* AppDelegate.swift in Sources */,
				3580751504F152DF1FD2A6A8 /* SceneDelegate.swift in Sources */,
				35807BE1511EBD3BFA33D688 /* EmojiMemoryGameView.swift in Sources */,
				358078493C67E7B65CD74135 /* MemoryGame.swift in Sources */,
				35807A5D5D969A5B1A884840 /* EmojiMemoryGame.swift in Sources */,
				358075A86F7A49AEA6F30424 /* Grid.swift in Sources */,
				35807273C5C3ED1BDB888D9A /* Array+Identifiable.swift in Sources */,
				35807160FD7C385E2F22304A /* GridLayout.swift in Sources */,
				3580718D7527723A251D79F7 /* Theme.swift in Sources */,
			);
			runOnlyForDeploymentPostprocessing = 0;
		};
/* End PBXSourcesBuildPhase section */

/* Begin PBXVariantGroup section */
		358076C0D13B44ABFFC52F67 /* LaunchScreen.storyboard */ = {
			isa = PBXVariantGroup;
			children = (
				35807FA2ADFEF895390293BE /* Base */,
			);
			name = LaunchScreen.storyboard;
			sourceTree = "<group>";
		};
/* End PBXVariantGroup section */

/* Begin XCBuildConfiguration section */
		35807627FE36801EF369F2FC /* Debug */ = {
			isa = XCBuildConfiguration;
			buildSettings = {
				ALWAYS_SEARCH_USER_PATHS = NO;
				CLANG_ANALYZER_NONNULL = YES;
				CLANG_ANALYZER_NUMBER_OBJECT_CONVERSION = YES_AGGRESSIVE;
				CLANG_CXX_LANGUAGE_STANDARD = "gnu++14";
				CLANG_CXX_LIBRARY = "libc++";
				CLANG_ENABLE_MODULES = YES;
				CLANG_ENABLE_OBJC_ARC = YES;
				CLANG_ENABLE_OBJC_WEAK = YES;
				CLANG_WARN_BLOCK_CAPTURE_AUTORELEASING = YES;
				CLANG_WARN_BOOL_CONVERSION = YES;
				CLANG_WARN_COMMA = YES;
				CLANG_WARN_CONSTANT_CONVERSION = YES;
				CLANG_WARN_DEPRECATED_OBJC_IMPLEMENTATIONS = YES;
				CLANG_WARN_DIRECT_OBJC_ISA_USAGE = YES_ERROR;
				CLANG_WARN_DOCUMENTATION_COMMENTS = YES;
				CLANG_WARN_EMPTY_BODY = YES;
				CLANG_WARN_ENUM_CONVERSION = YES;
				CLANG_WARN_INFINITE_RECURSION = YES;
				CLANG_WARN_INT_CONVERSION = YES;
				CLANG_WARN_NON_LITERAL_NULL_CONVERSION = YES;
				CLANG_WARN_OBJC_IMPLICIT_RETAIN_SELF = YES;
				CLANG_WARN_OBJC_LITERAL_CONVERSION = YES;
				CLANG_WARN_OBJC_ROOT_CLASS = YES_ERROR;
				CLANG_WARN_RANGE_LOOP_ANALYSIS = YES;
				CLANG_WARN_STRICT_PROTOTYPES = YES;
				CLANG_WARN_SUSPICIOUS_MOVE = YES;
				CLANG_WARN_UNGUARDED_AVAILABILITY = YES_AGGRESSIVE;
				CLANG_WARN_UNREACHABLE_CODE = YES;
				CLANG_WARN__DUPLICATE_METHOD_MATCH = YES;
				COPY_PHASE_STRIP = NO;
				DEBUG_INFORMATION_FORMAT = dwarf;
				ENABLE_STRICT_OBJC_MSGSEND = YES;
				ENABLE_TESTABILITY = YES;
				GCC_C_LANGUAGE_STANDARD = gnu11;
				GCC_DYNAMIC_NO_PIC = NO;
				GCC_NO_COMMON_BLOCKS = YES;
				GCC_OPTIMIZATION_LEVEL = 0;
				GCC_PREPROCESSOR_DEFINITIONS = (
					"DEBUG=1",
					"$(inherited)",
				);
				GCC_WARN_64_TO_32_BIT_CONVERSION = YES;
				GCC_WARN_ABOUT_RETURN_TYPE = YES_ERROR;
				GCC_WARN_UNDECLARED_SELECTOR = YES;
				GCC_WARN_UNINITIALIZED_AUTOS = YES_AGGRESSIVE;
				GCC_WARN_UNUSED_FUNCTION = YES;
				GCC_WARN_UNUSED_VARIABLE = YES;
				IPHONEOS_DEPLOYMENT_TARGET = 13.5;
				MTL_ENABLE_DEBUG_INFO = INCLUDE_SOURCE;
				MTL_FAST_MATH = YES;
				ONLY_ACTIVE_ARCH = YES;
				SDKROOT = iphoneos;
				SWIFT_ACTIVE_COMPILATION_CONDITIONS = DEBUG;
				SWIFT_OPTIMIZATION_LEVEL = "-Onone";
			};
			name = Debug;
		};
		35807742FB1A9664F42F61E5 /* Release */ = {
			isa = XCBuildConfiguration;
			buildSettings = {
				ASSETCATALOG_COMPILER_APPICON_NAME = AppIcon;
				CODE_SIGN_ENTITLEMENTS = Memorize/Memorize.entitlements;
				DEVELOPMENT_ASSET_PATHS = "\"Memorize/Preview Content\"";
				DEVELOPMENT_TEAM = EE29XD2KE9;
				ENABLE_PREVIEWS = YES;
				INFOPLIST_FILE = Memorize/Info.plist;
				LD_RUNPATH_SEARCH_PATHS = (
					"$(inherited)",
					"@executable_path/Frameworks",
				);
				PRODUCT_BUNDLE_IDENTIFIER = de.2rs.cs193p2020.Memorize;
				PRODUCT_NAME = "$(TARGET_NAME)";
				SUPPORTS_MACCATALYST = YES;
				SWIFT_VERSION = 5.0;
				TARGETED_DEVICE_FAMILY = "1,2";
			};
			name = Release;
		};
		358077623D7CDBA1B1338CCE /* Debug */ = {
			isa = XCBuildConfiguration;
			buildSettings = {
				ASSETCATALOG_COMPILER_APPICON_NAME = AppIcon;
				CODE_SIGN_ENTITLEMENTS = Memorize/Memorize.entitlements;
				DEVELOPMENT_ASSET_PATHS = "\"Memorize/Preview Content\"";
				DEVELOPMENT_TEAM = EE29XD2KE9;
				ENABLE_PREVIEWS = YES;
				INFOPLIST_FILE = Memorize/Info.plist;
				LD_RUNPATH_SEARCH_PATHS = (
					"$(inherited)",
					"@executable_path/Frameworks",
				);
				PRODUCT_BUNDLE_IDENTIFIER = de.2rs.cs193p2020.Memorize;
				PRODUCT_NAME = "$(TARGET_NAME)";
				SUPPORTS_MACCATALYST = YES;
				SWIFT_VERSION = 5.0;
				TARGETED_DEVICE_FAMILY = "1,2";
			};
			name = Debug;
		};
		35807FFABD4BBFEEC9C22167 /* Release */ = {
			isa = XCBuildConfiguration;
			buildSettings = {
				ALWAYS_SEARCH_USER_PATHS = NO;
				CLANG_ANALYZER_NONNULL = YES;
				CLANG_ANALYZER_NUMBER_OBJECT_CONVERSION = YES_AGGRESSIVE;
				CLANG_CXX_LANGUAGE_STANDARD = "gnu++14";
				CLANG_CXX_LIBRARY = "libc++";
				CLANG_ENABLE_MODULES = YES;
				CLANG_ENABLE_OBJC_ARC = YES;
				CLANG_ENABLE_OBJC_WEAK = YES;
				CLANG_WARN_BLOCK_CAPTURE_AUTORELEASING = YES;
				CLANG_WARN_BOOL_CONVERSION = YES;
				CLANG_WARN_COMMA = YES;
				CLANG_WARN_CONSTANT_CONVERSION = YES;
				CLANG_WARN_DEPRECATED_OBJC_IMPLEMENTATIONS = YES;
				CLANG_WARN_DIRECT_OBJC_ISA_USAGE = YES_ERROR;
				CLANG_WARN_DOCUMENTATION_COMMENTS = YES;
				CLANG_WARN_EMPTY_BODY = YES;
				CLANG_WARN_ENUM_CONVERSION = YES;
				CLANG_WARN_INFINITE_RECURSION = YES;
				CLANG_WARN_INT_CONVERSION = YES;
				CLANG_WARN_NON_LITERAL_NULL_CONVERSION = YES;
				CLANG_WARN_OBJC_IMPLICIT_RETAIN_SELF = YES;
				CLANG_WARN_OBJC_LITERAL_CONVERSION = YES;
				CLANG_WARN_OBJC_ROOT_CLASS = YES_ERROR;
				CLANG_WARN_RANGE_LOOP_ANALYSIS = YES;
				CLANG_WARN_STRICT_PROTOTYPES = YES;
				CLANG_WARN_SUSPICIOUS_MOVE = YES;
				CLANG_WARN_UNGUARDED_AVAILABILITY = YES_AGGRESSIVE;
				CLANG_WARN_UNREACHABLE_CODE = YES;
				CLANG_WARN__DUPLICATE_METHOD_MATCH = YES;
				COPY_PHASE_STRIP = NO;
				DEBUG_INFORMATION_FORMAT = "dwarf-with-dsym";
				ENABLE_NS_ASSERTIONS = NO;
				ENABLE_STRICT_OBJC_MSGSEND = YES;
				GCC_C_LANGUAGE_STANDARD = gnu11;
				GCC_NO_COMMON_BLOCKS = YES;
				GCC_WARN_64_TO_32_BIT_CONVERSION = YES;
				GCC_WARN_ABOUT_RETURN_TYPE = YES_ERROR;
				GCC_WARN_UNDECLARED_SELECTOR = YES;
				GCC_WARN_UNINITIALIZED_AUTOS = YES_AGGRESSIVE;
				GCC_WARN_UNUSED_FUNCTION = YES;
				GCC_WARN_UNUSED_VARIABLE = YES;
				IPHONEOS_DEPLOYMENT_TARGET = 13.5;
				MTL_ENABLE_DEBUG_INFO = NO;
				MTL_FAST_MATH = YES;
				SDKROOT = iphoneos;
				SWIFT_COMPILATION_MODE = wholemodule;
				SWIFT_OPTIMIZATION_LEVEL = "-O";
				VALIDATE_PRODUCT = YES;
			};
			name = Release;
		};
/* End XCBuildConfiguration section */

/* Begin XCConfigurationList section */
		358076E1733274F727DFA5A0 /* Build configuration list for PBXProject "Memorize" */ = {
			isa = XCConfigurationList;
			buildConfigurations = (
				35807627FE36801EF369F2FC /* Debug */,
				35807FFABD4BBFEEC9C22167 /* Release */,
			);
			defaultConfigurationIsVisible = 0;
			defaultConfigurationName = Release;
		};
		358079BCCF4A8C6F6F492FBF /* Build configuration list for PBXNativeTarget "Memorize" */ = {
			isa = XCConfigurationList;
			buildConfigurations = (
				358077623D7CDBA1B1338CCE /* Debug */,
				35807742FB1A9664F42F61E5 /* Release */,
			);
			defaultConfigurationIsVisible = 0;
			defaultConfigurationName = Release;
		};
/* End XCConfigurationList section */
	};
	rootObject = 35807C7A706779864F8FC404 /* Project object */;
}
